
Microsoft Visual Studio Solution File, Format Version 12.00
# Visual Studio 15
VisualStudioVersion = 15.0.26730.12
MinimumVisualStudioVersion = 10.0.40219.1
Project("{FAE04EC0-301F-11D3-BF4B-00C04F79EFBC}") = "HotelUI", "HotelUI\HotelUI.csproj", "{779EBFB5-7E02-4F27-AA68-D4B2D69BE6F7}"
EndProject
Project("{FAE04EC0-301F-11D3-BF4B-00C04F79EFBC}") = "HotelDAL", "HotelDAL\HotelDAL.csproj", "{2391DBFE-5DDC-4466-A496-1C8E2BAB5588}"
EndProject
Project("{FAE04EC0-301F-11D3-BF4B-00C04F79EFBC}") = "HotelBLL", "HotelBLL\HotelBLL.csproj", "{8F8314A8-82DF-44E7-9D1C-91EC04714AF3}"
EndProject
Global
	GlobalSection(SolutionConfigurationPlatforms) = preSolution
		Debug|Any CPU = Debug|Any CPU
		Release|Any CPU = Release|Any CPU
	EndGlobalSection
	GlobalSection(ProjectConfigurationPlatforms) = postSolution
		{779EBFB5-7E02-4F27-AA68-D4B2D69BE6F7}.Debug|Any CPU.ActiveCfg = Debug|Any CPU
		{779EBFB5-7E02-4F27-AA68-D4B2D69BE6F7}.Debug|Any CPU.Build.0 = Debug|Any CPU
		{779EBFB5-7E02-4F27-AA68-D4B2D69BE6F7}.Release|Any CPU.ActiveCfg = Release|Any CPU
		{779EBFB5-7E02-4F27-AA68-D4B2D69BE6F7}.Release|Any CPU.Build.0 = Release|Any CPU
		{2391DBFE-5DDC-4466-A496-1C8E2BAB5588}.Debug|Any CPU.ActiveCfg = Debug|Any CPU
		{2391DBFE-5DDC-4466-A496-1C8E2BAB5588}.Debug|Any CPU.Build.0 = Debug|Any CPU
		{2391DBFE-5DDC-4466-A496-1C8E2BAB5588}.Release|Any CPU.ActiveCfg = Release|Any CPU
		{2391DBFE-5DDC-4466-A496-1C8E2BAB5588}.Release|Any CPU.Build.0 = Release|Any CPU
		{8F8314A8-82DF-44E7-9D1C-91EC04714AF3}.Debug|Any CPU.ActiveCfg = Debug|Any CPU
		{8F8314A8-82DF-44E7-9D1C-91EC04714AF3}.Debug|Any CPU.Build.0 = Debug|Any CPU
		{8F8314A8-82DF-44E7-9D1C-91EC04714AF3}.Release|Any CPU.ActiveCfg = Release|Any CPU
		{8F8314A8-82DF-44E7-9D1C-91EC04714AF3}.Release|Any CPU.Build.0 = Release|Any CPU
	EndGlobalSection
	GlobalSection(SolutionProperties) = preSolution
		HideSolutionNode = FALSE
	EndGlobalSection
	GlobalSection(ExtensibilityGlobals) = postSolution
		SolutionGuid = {31A07214-CF82-44C3-947C-97C551D5B46D}
	EndGlobalSection
EndGlobal
